
Microsoft Visual Studio Solution File, Format Version 12.00
# Visual Studio 15
VisualStudioVersion = 15.0.26730.15
MinimumVisualStudioVersion = 10.0.40219.1
Project("{9A19103F-16F7-4668-BE54-9A1E7A4F7556}") = "WebApplication", "WebApplication\WebApplication.csproj", "{A1733E18-09DF-42D5-B547-128081605315}"
EndProject
Project("{FAE04EC0-301F-11D3-BF4B-00C04F79EFBC}") = "UnitTestProject", "UnitTestProject\UnitTestProject.csproj", "{08D519E3-8079-4FB9-98E2-CDE44EE2026C}"
EndProject
Global
	GlobalSection(SolutionConfigurationPlatforms) = preSolution
		Debug|Any CPU = Debug|Any CPU
		Release|Any CPU = Release|Any CPU
	EndGlobalSection
	GlobalSection(ProjectConfigurationPlatforms) = postSolution
		{A1733E18-09DF-42D5-B547-128081605315}.Debug|Any CPU.ActiveCfg = Debug|Any CPU
		{A1733E18-09DF-42D5-B547-128081605315}.Debug|Any CPU.Build.0 = Debug|Any CPU
		{A1733E18-09DF-42D5-B547-128081605315}.Release|Any CPU.ActiveCfg = Release|Any CPU
		{A1733E18-09DF-42D5-B547-128081605315}.Release|Any CPU.Build.0 = Release|Any CPU
		{08D519E3-8079-4FB9-98E2-CDE44EE2026C}.Debug|Any CPU.ActiveCfg = Debug|Any CPU
		{08D519E3-8079-4FB9-98E2-CDE44EE2026C}.Debug|Any CPU.Build.0 = Debug|Any CPU
		{08D519E3-8079-4FB9-98E2-CDE44EE2026C}.Release|Any CPU.ActiveCfg = Release|Any CPU
		{08D519E3-8079-4FB9-98E2-CDE44EE2026C}.Release|Any CPU.Build.0 = Release|Any CPU
	EndGlobalSection
	GlobalSection(SolutionProperties) = preSolution
		HideSolutionNode = FALSE
	EndGlobalSection
	GlobalSection(ExtensibilityGlobals) = postSolution
		SolutionGuid = {1890E5D5-AC88-42AB-A897-4F08D9566A0F}
	EndGlobalSection
EndGlobal
